
Microsoft Visual Studio Solution File, Format Version 12.00
Project("{2150E333-8FDC-42A3-9474-1A3956D46DE8}") = "source", "source", "{12309295-A9A2-45FD-ACE7-C31B01CB5F8B}"
EndProject
Project("{2150E333-8FDC-42A3-9474-1A3956D46DE8}") = "Solution Items", "Solution Items", "{DF4C4BA5-4178-4048-9B93-7907FE987C29}"
	ProjectSection(SolutionItems) = preProject
		docker-compose.yml = docker-compose.yml
		docker-compose.override.yml = docker-compose.override.yml
	EndProjectSection
EndProject
Project("{2150E333-8FDC-42A3-9474-1A3956D46DE8}") = "Services", "Services", "{090A37A2-456F-4778-A40E-6419509A448B}"
EndProject
Project("{2150E333-8FDC-42A3-9474-1A3956D46DE8}") = "Domain", "Domain", "{9A883914-D032-4B3C-961C-859C73B2DDAF}"
EndProject
Project("{2150E333-8FDC-42A3-9474-1A3956D46DE8}") = "Infra", "Infra", "{A2C2C0C8-21C5-4784-A024-0B46D33A6AFA}"
EndProject
Project("{2150E333-8FDC-42A3-9474-1A3956D46DE8}") = "Ship", "Ship", "{EFD6DA3D-1BA4-488D-84AF-953C292F699E}"
EndProject
Project("{2150E333-8FDC-42A3-9474-1A3956D46DE8}") = "Fleet", "Fleet", "{C1F15912-4834-41B2-A98B-286F00B919FC}"
EndProject
Project("{2150E333-8FDC-42A3-9474-1A3956D46DE8}") = "Api", "Api", "{189D0D70-AC41-46BB-8C33-4E9B853CC379}"
EndProject
Project("{2150E333-8FDC-42A3-9474-1A3956D46DE8}") = "Infra", "Infra", "{3DEBB897-90E8-419E-AF63-175EB2916913}"
EndProject
Project("{2150E333-8FDC-42A3-9474-1A3956D46DE8}") = "Domain", "Domain", "{5FBCEC45-73A7-40F2-8BF0-C391706E7777}"
EndProject
Project("{2150E333-8FDC-42A3-9474-1A3956D46DE8}") = "Api", "Api", "{4A17C754-E886-4F11-8A96-7F6657CB71FC}"
EndProject
Project("{2150E333-8FDC-42A3-9474-1A3956D46DE8}") = "Domain", "Domain", "{4E39DAA2-A9FC-404E-98A1-7B6BC917613A}"
EndProject
Project("{2150E333-8FDC-42A3-9474-1A3956D46DE8}") = "Infra", "Infra", "{4E69C0E8-6D05-4749-B4D0-08C96271520D}"
EndProject
Project("{FAE04EC0-301F-11D3-BF4B-00C04F79EFBC}") = "ShipApi", "source\Services\Ship\Api\ShipApi\ShipApi.csproj", "{E921D87E-2757-4831-87D4-3E9D5A8FF088}"
EndProject
Project("{FAE04EC0-301F-11D3-BF4B-00C04F79EFBC}") = "FleetApi", "source\Services\Fleet\Api\FleetApi\FleetApi.csproj", "{21457F87-CF28-4825-B127-862AAF7B7265}"
EndProject
Project("{FAE04EC0-301F-11D3-BF4B-00C04F79EFBC}") = "Fleet.Contracts", "source\Fleet.Contracts\Fleet.Contracts.csproj", "{E0F4C19C-4BE5-4949-9345-FF2DBCD4FE46}"
EndProject
Project("{FAE04EC0-301F-11D3-BF4B-00C04F79EFBC}") = "Infra.Logging", "source\Infra.Logging\Infra.Logging.csproj", "{E442E43F-52B4-4D06-AF21-6F325B4C5221}"
EndProject
Global
	GlobalSection(SolutionConfigurationPlatforms) = preSolution
		Debug|Any CPU = Debug|Any CPU
		Release|Any CPU = Release|Any CPU
	EndGlobalSection
	GlobalSection(NestedProjects) = preSolution
		{090A37A2-456F-4778-A40E-6419509A448B} = {12309295-A9A2-45FD-ACE7-C31B01CB5F8B}
		{9A883914-D032-4B3C-961C-859C73B2DDAF} = {12309295-A9A2-45FD-ACE7-C31B01CB5F8B}
		{A2C2C0C8-21C5-4784-A024-0B46D33A6AFA} = {12309295-A9A2-45FD-ACE7-C31B01CB5F8B}
		{EFD6DA3D-1BA4-488D-84AF-953C292F699E} = {090A37A2-456F-4778-A40E-6419509A448B}
		{C1F15912-4834-41B2-A98B-286F00B919FC} = {090A37A2-456F-4778-A40E-6419509A448B}
		{189D0D70-AC41-46BB-8C33-4E9B853CC379} = {C1F15912-4834-41B2-A98B-286F00B919FC}
		{3DEBB897-90E8-419E-AF63-175EB2916913} = {C1F15912-4834-41B2-A98B-286F00B919FC}
		{5FBCEC45-73A7-40F2-8BF0-C391706E7777} = {C1F15912-4834-41B2-A98B-286F00B919FC}
		{4A17C754-E886-4F11-8A96-7F6657CB71FC} = {EFD6DA3D-1BA4-488D-84AF-953C292F699E}
		{4E39DAA2-A9FC-404E-98A1-7B6BC917613A} = {EFD6DA3D-1BA4-488D-84AF-953C292F699E}
		{4E69C0E8-6D05-4749-B4D0-08C96271520D} = {EFD6DA3D-1BA4-488D-84AF-953C292F699E}
		{E921D87E-2757-4831-87D4-3E9D5A8FF088} = {4A17C754-E886-4F11-8A96-7F6657CB71FC}
		{21457F87-CF28-4825-B127-862AAF7B7265} = {189D0D70-AC41-46BB-8C33-4E9B853CC379}
		{E0F4C19C-4BE5-4949-9345-FF2DBCD4FE46} = {9A883914-D032-4B3C-961C-859C73B2DDAF}
		{E442E43F-52B4-4D06-AF21-6F325B4C5221} = {A2C2C0C8-21C5-4784-A024-0B46D33A6AFA}
	EndGlobalSection
	GlobalSection(ProjectConfigurationPlatforms) = postSolution
		{E921D87E-2757-4831-87D4-3E9D5A8FF088}.Debug|Any CPU.ActiveCfg = Debug|Any CPU
		{E921D87E-2757-4831-87D4-3E9D5A8FF088}.Debug|Any CPU.Build.0 = Debug|Any CPU
		{E921D87E-2757-4831-87D4-3E9D5A8FF088}.Release|Any CPU.ActiveCfg = Release|Any CPU
		{E921D87E-2757-4831-87D4-3E9D5A8FF088}.Release|Any CPU.Build.0 = Release|Any CPU
		{21457F87-CF28-4825-B127-862AAF7B7265}.Debug|Any CPU.ActiveCfg = Debug|Any CPU
		{21457F87-CF28-4825-B127-862AAF7B7265}.Debug|Any CPU.Build.0 = Debug|Any CPU
		{21457F87-CF28-4825-B127-862AAF7B7265}.Release|Any CPU.ActiveCfg = Release|Any CPU
		{21457F87-CF28-4825-B127-862AAF7B7265}.Release|Any CPU.Build.0 = Release|Any CPU
		{E0F4C19C-4BE5-4949-9345-FF2DBCD4FE46}.Debug|Any CPU.ActiveCfg = Debug|Any CPU
		{E0F4C19C-4BE5-4949-9345-FF2DBCD4FE46}.Debug|Any CPU.Build.0 = Debug|Any CPU
		{E0F4C19C-4BE5-4949-9345-FF2DBCD4FE46}.Release|Any CPU.ActiveCfg = Release|Any CPU
		{E0F4C19C-4BE5-4949-9345-FF2DBCD4FE46}.Release|Any CPU.Build.0 = Release|Any CPU
		{E442E43F-52B4-4D06-AF21-6F325B4C5221}.Debug|Any CPU.ActiveCfg = Debug|Any CPU
		{E442E43F-52B4-4D06-AF21-6F325B4C5221}.Debug|Any CPU.Build.0 = Debug|Any CPU
		{E442E43F-52B4-4D06-AF21-6F325B4C5221}.Release|Any CPU.ActiveCfg = Release|Any CPU
		{E442E43F-52B4-4D06-AF21-6F325B4C5221}.Release|Any CPU.Build.0 = Release|Any CPU
	EndGlobalSection
EndGlobal
